
Microsoft Visual Studio Solution File, Format Version 12.00
# Visual Studio Version 16
VisualStudioVersion = 16.0.30320.27
MinimumVisualStudioVersion = 10.0.40219.1
Project("{FAE04EC0-301F-11D3-BF4B-00C04F79EFBC}") = "Webhool_Logger", "Webhook_Logger\Webhool_Logger.csproj", "{FCD43802-1532-4198-ADF3-733CB0C3DCF5}"
EndProject
Global
	GlobalSection(SolutionConfigurationPlatforms) = preSolution
		Debug|Any CPU = Debug|Any CPU
		Release|Any CPU = Release|Any CPU
	EndGlobalSection
	GlobalSection(ProjectConfigurationPlatforms) = postSolution
		{FCD43802-1532-4198-ADF3-733CB0C3DCF5}.Debug|Any CPU.ActiveCfg = Debug|Any CPU
		{FCD43802-1532-4198-ADF3-733CB0C3DCF5}.Debug|Any CPU.Build.0 = Debug|Any CPU
		{FCD43802-1532-4198-ADF3-733CB0C3DCF5}.Release|Any CPU.ActiveCfg = Release|Any CPU
		{FCD43802-1532-4198-ADF3-733CB0C3DCF5}.Release|Any CPU.Build.0 = Release|Any CPU
	EndGlobalSection
	GlobalSection(SolutionProperties) = preSolution
		HideSolutionNode = FALSE
	EndGlobalSection
	GlobalSection(ExtensibilityGlobals) = postSolution
		SolutionGuid = {11E1A81D-78BB-47F4-8865-4D6569EC801F}
	EndGlobalSection
EndGlobal
